dependencies:
  espressif/bdc_motor:
    component_hash: 9292b605cfd390ff62225caa93e02700b86377e6a3156620192e4876dcf87b27
    source:
      service_url: https://api.components.espressif.com/
      type: service
    version: 0.1.0
  espressif/pid_ctrl:
    component_hash: 17bd99c0160f1c327803aceb088ef0e4ab3410ceb0708cb87fcc950bb62e5698
    source:
      service_url: https://api.components.espressif.com/
      type: service
    version: 0.1.1
  idf:
    component_hash: null
    source:
      type: idf
    version: 5.0.2
manifest_hash: 764efd990727c9a8b17e0d36d7017437be82473a4e0f7a1688626ddcf90a1ff6
target: esp32
version: 1.0.0
